// !$*UTF8*$!
{
	archiveVersion = 1;
	classes = {
	};
	objectVersion = 56;
	objects = {

/* Begin PBXBuildFile section */
		B013DA2C2B3B194A00B501F2 /* TunnelManager.swift in Sources */ = {isa = PBXBuildFile; fileRef = B013DA2A2B39CA6900B501F2 /* TunnelManager.swift */; };
		B015625B2B384D0B00F44573 /* PackageView.swift in Sources */ = {isa = PBXBuildFile; fileRef = B015625A2B384D0B00F44573 /* PackageView.swift */; };
		B015625E2B384D9400F44573 /* Package.swift in Sources */ = {isa = PBXBuildFile; fileRef = B015625D2B384D9400F44573 /* Package.swift */; };
		B01562602B384E8B00F44573 /* PackageList.swift in Sources */ = {isa = PBXBuildFile; fileRef = B015625F2B384E8B00F44573 /* PackageList.swift */; };
		B01562622B38691300F44573 /* Home.swift in Sources */ = {isa = PBXBuildFile; fileRef = B01562612B38691300F44573 /* Home.swift */; };
		B01562642B386A1D00F44573 /* ConnectionStatus.swift in Sources */ = {isa = PBXBuildFile; fileRef = B01562632B386A1D00F44573 /* ConnectionStatus.swift */; };
		B04566352B45A04600BC6C16 /* Gateway.swift in Sources */ = {isa = PBXBuildFile; fileRef = B04566342B45A04600BC6C16 /* Gateway.swift */; };
		B04566372B45AC4900BC6C16 /* Port.swift in Sources */ = {isa = PBXBuildFile; fileRef = B04566362B45AC4900BC6C16 /* Port.swift */; };
		B04566392B45ACFC00BC6C16 /* Packet.swift in Sources */ = {isa = PBXBuildFile; fileRef = B04566382B45ACFC00BC6C16 /* Packet.swift */; };
		B0557C132B333EF5007CCED7 /* SpearApp.swift in Sources */ = {isa = PBXBuildFile; fileRef = B0557C122B333EF5007CCED7 /* SpearApp.swift */; };
		B0557C152B333EF5007CCED7 /* HomeView.swift in Sources */ = {isa = PBXBuildFile; fileRef = B0557C142B333EF5007CCED7 /* HomeView.swift */; };
		B0557C172B333EF7007CCED7 /* Assets.xcassets in Resources */ = {isa = PBXBuildFile; fileRef = B0557C162B333EF7007CCED7 /* Assets.xcassets */; };
		B0557C1A2B333EF7007CCED7 /* Preview Assets.xcassets in Resources */ = {isa = PBXBuildFile; fileRef = B0557C192B333EF7007CCED7 /* Preview Assets.xcassets */; };
		B0557C272B33460D007CCED7 /* NetworkExtension.framework in Frameworks */ = {isa = PBXBuildFile; fileRef = B0557C262B33460D007CCED7 /* NetworkExtension.framework */; };
		B0557C2A2B33460D007CCED7 /* TunnelProvider.swift in Sources */ = {isa = PBXBuildFile; fileRef = B0557C292B33460D007CCED7 /* TunnelProvider.swift */; };
		B0557C2F2B33460D007CCED7 /* TunnelProvider.appex in Embed Foundation Extensions */ = {isa = PBXBuildFile; fileRef = B0557C242B33460D007CCED7 /* TunnelProvider.appex */; settings = {ATTRIBUTES = (RemoveHeadersOnCopy, ); }; };
		B094A6332B3B287900C705CD /* NetworkExtension.framework in Frameworks */ = {isa = PBXBuildFile; fileRef = B0557C262B33460D007CCED7 /* NetworkExtension.framework */; };
		B0F9BC142B4C3A3E00F2D034 /* ConnectionKeeper.swift in Sources */ = {isa = PBXBuildFile; fileRef = B0F9BC132B4C3A3E00F2D034 /* ConnectionKeeper.swift */; };
		B0F9BC162B4C42A100F2D034 /* Utils.swift in Sources */ = {isa = PBXBuildFile; fileRef = B0F9BC152B4C42A100F2D034 /* Utils.swift */; };
		B0F9BC182B4C458400F2D034 /* ConnectionInfo.swift in Sources */ = {isa = PBXBuildFile; fileRef = B0F9BC172B4C458400F2D034 /* ConnectionInfo.swift */; };
		B0F9BC1A2B4C485F00F2D034 /* ConnectionService.swift in Sources */ = {isa = PBXBuildFile; fileRef = B0F9BC192B4C485F00F2D034 /* ConnectionService.swift */; };
/* End PBXBuildFile section */

/* Begin PBXContainerItemProxy section */
		B0557C2D2B33460D007CCED7 /* PBXContainerItemProxy */ = {
			isa = PBXContainerItemProxy;
			containerPortal = B0557C072B333EF5007CCED7 /* Project object */;
			proxyType = 1;
			remoteGlobalIDString = B0557C232B33460D007CCED7;
			remoteInfo = TunnelProvider;
		};
		B094A6312B3B286A00C705CD /* PBXContainerItemProxy */ = {
			isa = PBXContainerItemProxy;
			containerPortal = B0557C072B333EF5007CCED7 /* Project object */;
			proxyType = 1;
			remoteGlobalIDString = B0557C232B33460D007CCED7;
			remoteInfo = TunnelProvider;
		};
/* End PBXContainerItemProxy section */

/* Begin PBXCopyFilesBuildPhase section */
		B0557C302B33460D007CCED7 /* Embed Foundation Extensions */ = {
			isa = PBXCopyFilesBuildPhase;
			buildActionMask = 2147483647;
			dstPath = "";
			dstSubfolderSpec = 13;
			files = (
				B0557C2F2B33460D007CCED7 /* TunnelProvider.appex in Embed Foundation Extensions */,
			);
			name = "Embed Foundation Extensions";
			runOnlyForDeploymentPostprocessing = 0;
		};
/* End PBXCopyFilesBuildPhase section */

/* Begin PBXFileReference section */
		B013DA2A2B39CA6900B501F2 /* TunnelManager.swift */ = {isa = PBXFileReference; lastKnownFileType = sourcecode.swift; path = TunnelManager.swift; sourceTree = "<group>"; };
		B015625A2B384D0B00F44573 /* PackageView.swift */ = {isa = PBXFileReference; lastKnownFileType = sourcecode.swift; path = PackageView.swift; sourceTree = "<group>"; };
		B015625D2B384D9400F44573 /* Package.swift */ = {isa = PBXFileReference; lastKnownFileType = sourcecode.swift; path = Package.swift; sourceTree = "<group>"; };
		B015625F2B384E8B00F44573 /* PackageList.swift */ = {isa = PBXFileReference; lastKnownFileType = sourcecode.swift; path = PackageList.swift; sourceTree = "<group>"; };
		B01562612B38691300F44573 /* Home.swift */ = {isa = PBXFileReference; lastKnownFileType = sourcecode.swift; path = Home.swift; sourceTree = "<group>"; };
		B01562632B386A1D00F44573 /* ConnectionStatus.swift */ = {isa = PBXFileReference; lastKnownFileType = sourcecode.swift; path = ConnectionStatus.swift; sourceTree = "<group>"; };
		B04566342B45A04600BC6C16 /* Gateway.swift */ = {isa = PBXFileReference; lastKnownFileType = sourcecode.swift; path = Gateway.swift; sourceTree = "<group>"; };
		B04566362B45AC4900BC6C16 /* Port.swift */ = {isa = PBXFileReference; lastKnownFileType = sourcecode.swift; path = Port.swift; sourceTree = "<group>"; };
		B04566382B45ACFC00BC6C16 /* Packet.swift */ = {isa = PBXFileReference; lastKnownFileType = sourcecode.swift; path = Packet.swift; sourceTree = "<group>"; };
		B0557C0F2B333EF5007CCED7 /* Spear.app */ = {isa = PBXFileReference; explicitFileType = wrapper.application; includeInIndex = 0; path = Spear.app; sourceTree = BUILT_PRODUCTS_DIR; };
		B0557C122B333EF5007CCED7 /* SpearApp.swift */ = {isa = PBXFileReference; lastKnownFileType = sourcecode.swift; path = SpearApp.swift; sourceTree = "<group>"; };
		B0557C142B333EF5007CCED7 /* HomeView.swift */ = {isa = PBXFileReference; lastKnownFileType = sourcecode.swift; path = HomeView.swift; sourceTree = "<group>"; };
		B0557C162B333EF7007CCED7 /* Assets.xcassets */ = {isa = PBXFileReference; lastKnownFileType = folder.assetcatalog; path = Assets.xcassets; sourceTree = "<group>"; };
		B0557C192B333EF7007CCED7 /* Preview Assets.xcassets */ = {isa = PBXFileReference; lastKnownFileType = folder.assetcatalog; path = "Preview Assets.xcassets"; sourceTree = "<group>"; };
		B0557C242B33460D007CCED7 /* TunnelProvider.appex */ = {isa = PBXFileReference; explicitFileType = "wrapper.app-extension"; includeInIndex = 0; path = TunnelProvider.appex; sourceTree = BUILT_PRODUCTS_DIR; };
		B0557C262B33460D007CCED7 /* NetworkExtension.framework */ = {isa = PBXFileReference; lastKnownFileType = wrapper.framework; name = NetworkExtension.framework; path = System/Library/Frameworks/NetworkExtension.framework; sourceTree = SDKROOT; };
		B0557C292B33460D007CCED7 /* TunnelProvider.swift */ = {isa = PBXFileReference; lastKnownFileType = sourcecode.swift; path = TunnelProvider.swift; sourceTree = "<group>"; };
		B0557C2B2B33460D007CCED7 /* Info.plist */ = {isa = PBXFileReference; lastKnownFileType = text.plist.xml; path = Info.plist; sourceTree = "<group>"; };
		B0557C2C2B33460D007CCED7 /* TunnelProvider.entitlements */ = {isa = PBXFileReference; lastKnownFileType = text.plist.entitlements; path = TunnelProvider.entitlements; sourceTree = "<group>"; };
		B094A6302B3B27AA00C705CD /* Spear.entitlements */ = {isa = PBXFileReference; lastKnownFileType = text.plist.entitlements; path = Spear.entitlements; sourceTree = "<group>"; };
		B0F9BC132B4C3A3E00F2D034 /* ConnectionKeeper.swift */ = {isa = PBXFileReference; lastKnownFileType = sourcecode.swift; path = ConnectionKeeper.swift; sourceTree = "<group>"; };
		B0F9BC152B4C42A100F2D034 /* Utils.swift */ = {isa = PBXFileReference; lastKnownFileType = sourcecode.swift; path = Utils.swift; sourceTree = "<group>"; };
		B0F9BC172B4C458400F2D034 /* ConnectionInfo.swift */ = {isa = PBXFileReference; lastKnownFileType = sourcecode.swift; path = ConnectionInfo.swift; sourceTree = "<group>"; };
		B0F9BC192B4C485F00F2D034 /* ConnectionService.swift */ = {isa = PBXFileReference; lastKnownFileType = sourcecode.swift; path = ConnectionService.swift; sourceTree = "<group>"; };
/* End PBXFileReference section */

/* Begin PBXFrameworksBuildPhase section */
		B0557C0C2B333EF5007CCED7 /* Frameworks */ = {
			isa = PBXFrameworksBuildPhase;
			buildActionMask = 2147483647;
			files = (
				B094A6332B3B287900C705CD /* NetworkExtension.framework in Frameworks */,
			);
			runOnlyForDeploymentPostprocessing = 0;
		};
		B0557C212B33460D007CCED7 /* Frameworks */ = {
			isa = PBXFrameworksBuildPhase;
			buildActionMask = 2147483647;
			files = (
				B0557C272B33460D007CCED7 /* NetworkExtension.framework in Frameworks */,
			);
			runOnlyForDeploymentPostprocessing = 0;
		};
/* End PBXFrameworksBuildPhase section */

/* Begin PBXGroup section */
		B01562592B384CAF00F44573 /* View */ = {
			isa = PBXGroup;
			children = (
				B0557C142B333EF5007CCED7 /* HomeView.swift */,
				B015625A2B384D0B00F44573 /* PackageView.swift */,
			);
			path = View;
			sourceTree = "<group>";
		};
		B015625C2B384D6E00F44573 /* Model */ = {
			isa = PBXGroup;
			children = (
				B015625D2B384D9400F44573 /* Package.swift */,
				B015625F2B384E8B00F44573 /* PackageList.swift */,
				B01562612B38691300F44573 /* Home.swift */,
			);
			path = Model;
			sourceTree = "<group>";
		};
		B050C2782B42E515003AC8A9 /* Tunnel */ = {
			isa = PBXGroup;
			children = (
				B013DA2A2B39CA6900B501F2 /* TunnelManager.swift */,
				B01562632B386A1D00F44573 /* ConnectionStatus.swift */,
			);
			path = Tunnel;
			sourceTree = "<group>";
		};
		B0557C062B333EF5007CCED7 = {
			isa = PBXGroup;
			children = (
				B050C2782B42E515003AC8A9 /* Tunnel */,
				B015625C2B384D6E00F44573 /* Model */,
				B01562592B384CAF00F44573 /* View */,
				B0557C112B333EF5007CCED7 /* Spear */,
				B0557C282B33460D007CCED7 /* TunnelProvider */,
				B0557C252B33460D007CCED7 /* Frameworks */,
				B0557C102B333EF5007CCED7 /* Products */,
			);
			sourceTree = "<group>";
		};
		B0557C102B333EF5007CCED7 /* Products */ = {
			isa = PBXGroup;
			children = (
				B0557C0F2B333EF5007CCED7 /* Spear.app */,
				B0557C242B33460D007CCED7 /* TunnelProvider.appex */,
			);
			name = Products;
			sourceTree = "<group>";
		};
		B0557C112B333EF5007CCED7 /* Spear */ = {
			isa = PBXGroup;
			children = (
				B0557C122B333EF5007CCED7 /* SpearApp.swift */,
				B094A6302B3B27AA00C705CD /* Spear.entitlements */,
				B0557C162B333EF7007CCED7 /* Assets.xcassets */,
				B0557C182B333EF7007CCED7 /* Preview Content */,
			);
			path = Spear;
			sourceTree = "<group>";
		};
		B0557C182B333EF7007CCED7 /* Preview Content */ = {
			isa = PBXGroup;
			children = (
				B0557C192B333EF7007CCED7 /* Preview Assets.xcassets */,
			);
			path = "Preview Content";
			sourceTree = "<group>";
		};
		B0557C252B33460D007CCED7 /* Frameworks */ = {
			isa = PBXGroup;
			children = (
				B0557C262B33460D007CCED7 /* NetworkExtension.framework */,
			);
			name = Frameworks;
			sourceTree = "<group>";
		};
		B0557C282B33460D007CCED7 /* TunnelProvider */ = {
			isa = PBXGroup;
			children = (
				B06024762B52E7AA001AE0D2 /* Entity */,
				B06024752B52E761001AE0D2 /* Component */,
				B0557C292B33460D007CCED7 /* TunnelProvider.swift */,
				B0557C2C2B33460D007CCED7 /* TunnelProvider.entitlements */,
				B0557C2B2B33460D007CCED7 /* Info.plist */,
			);
			path = TunnelProvider;
			sourceTree = "<group>";
		};
		B06024752B52E761001AE0D2 /* Component */ = {
			isa = PBXGroup;
			children = (
				B0F9BC172B4C458400F2D034 /* ConnectionInfo.swift */,
				B0F9BC132B4C3A3E00F2D034 /* ConnectionKeeper.swift */,
				B0F9BC192B4C485F00F2D034 /* ConnectionService.swift */,
			);
			path = Component;
			sourceTree = "<group>";
		};
		B06024762B52E7AA001AE0D2 /* Entity */ = {
			isa = PBXGroup;
			children = (
				B04566342B45A04600BC6C16 /* Gateway.swift */,
				B04566362B45AC4900BC6C16 /* Port.swift */,
				B04566382B45ACFC00BC6C16 /* Packet.swift */,
				B0F9BC152B4C42A100F2D034 /* Utils.swift */,
			);
			path = Entity;
			sourceTree = "<group>";
		};
/* End PBXGroup section */

/* Begin PBXNativeTarget section */
		B0557C0E2B333EF5007CCED7 /* Spear */ = {
			isa = PBXNativeTarget;
			buildConfigurationList = B0557C1D2B333EF7007CCED7 /* Build configuration list for PBXNativeTarget "Spear" */;
			buildPhases = (
				B0557C0B2B333EF5007CCED7 /* Sources */,
				B0557C0C2B333EF5007CCED7 /* Frameworks */,
				B0557C0D2B333EF5007CCED7 /* Resources */,
				B0557C302B33460D007CCED7 /* Embed Foundation Extensions */,
			);
			buildRules = (
			);
			dependencies = (
				B0557C2E2B33460D007CCED7 /* PBXTargetDependency */,
				B094A6322B3B286A00C705CD /* PBXTargetDependency */,
			);
			name = Spear;
			productName = Spear;
			productReference = B0557C0F2B333EF5007CCED7 /* Spear.app */;
			productType = "com.apple.product-type.application";
		};
		B0557C232B33460D007CCED7 /* TunnelProvider */ = {
			isa = PBXNativeTarget;
			buildConfigurationList = B0557C332B33460D007CCED7 /* Build configuration list for PBXNativeTarget "TunnelProvider" */;
			buildPhases = (
				B0557C202B33460D007CCED7 /* Sources */,
				B0557C212B33460D007CCED7 /* Frameworks */,
				B0557C222B33460D007CCED7 /* Resources */,
			);
			buildRules = (
			);
			dependencies = (
			);
			name = TunnelProvider;
			productName = TunnelProvider;
			productReference = B0557C242B33460D007CCED7 /* TunnelProvider.appex */;
			productType = "com.apple.product-type.app-extension";
		};
/* End PBXNativeTarget section */

/* Begin PBXProject section */
		B0557C072B333EF5007CCED7 /* Project object */ = {
			isa = PBXProject;
			attributes = {
				BuildIndependentTargetsInParallel = 1;
				LastSwiftUpdateCheck = 1500;
				LastUpgradeCheck = 1500;
				TargetAttributes = {
					B0557C0E2B333EF5007CCED7 = {
						CreatedOnToolsVersion = 15.0.1;
					};
					B0557C232B33460D007CCED7 = {
						CreatedOnToolsVersion = 15.0.1;
					};
				};
			};
			buildConfigurationList = B0557C0A2B333EF5007CCED7 /* Build configuration list for PBXProject "Spear" */;
			compatibilityVersion = "Xcode 14.0";
			developmentRegion = en;
			hasScannedForEncodings = 0;
			knownRegions = (
				en,
				Base,
			);
			mainGroup = B0557C062B333EF5007CCED7;
			productRefGroup = B0557C102B333EF5007CCED7 /* Products */;
			projectDirPath = "";
			projectRoot = "";
			targets = (
				B0557C0E2B333EF5007CCED7 /* Spear */,
				B0557C232B33460D007CCED7 /* TunnelProvider */,
			);
		};
/* End PBXProject section */

/* Begin PBXResourcesBuildPhase section */
		B0557C0D2B333EF5007CCED7 /* Resources */ = {
			isa = PBXResourcesBuildPhase;
			buildActionMask = 2147483647;
			files = (
				B0557C1A2B333EF7007CCED7 /* Preview Assets.xcassets in Resources */,
				B0557C172B333EF7007CCED7 /* Assets.xcassets in Resources */,
			);
			runOnlyForDeploymentPostprocessing = 0;
		};
		B0557C222B33460D007CCED7 /* Resources */ = {
			isa = PBXResourcesBuildPhase;
			buildActionMask = 2147483647;
			files = (
			);
			runOnlyForDeploymentPostprocessing = 0;
		};
/* End PBXResourcesBuildPhase section */

/* Begin PBXSourcesBuildPhase section */
		B0557C0B2B333EF5007CCED7 /* Sources */ = {
			isa = PBXSourcesBuildPhase;
			buildActionMask = 2147483647;
			files = (
				B01562642B386A1D00F44573 /* ConnectionStatus.swift in Sources */,
				B015625E2B384D9400F44573 /* Package.swift in Sources */,
				B015625B2B384D0B00F44573 /* PackageView.swift in Sources */,
				B0557C152B333EF5007CCED7 /* HomeView.swift in Sources */,
				B0557C132B333EF5007CCED7 /* SpearApp.swift in Sources */,
				B01562622B38691300F44573 /* Home.swift in Sources */,
				B01562602B384E8B00F44573 /* PackageList.swift in Sources */,
				B013DA2C2B3B194A00B501F2 /* TunnelManager.swift in Sources */,
			);
			runOnlyForDeploymentPostprocessing = 0;
		};
		B0557C202B33460D007CCED7 /* Sources */ = {
			isa = PBXSourcesBuildPhase;
			buildActionMask = 2147483647;
			files = (
				B04566372B45AC4900BC6C16 /* Port.swift in Sources */,
				B0F9BC182B4C458400F2D034 /* ConnectionInfo.swift in Sources */,
				B0F9BC142B4C3A3E00F2D034 /* ConnectionKeeper.swift in Sources */,
				B0F9BC1A2B4C485F00F2D034 /* ConnectionService.swift in Sources */,
				B04566352B45A04600BC6C16 /* Gateway.swift in Sources */,
				B0557C2A2B33460D007CCED7 /* TunnelProvider.swift in Sources */,
				B04566392B45ACFC00BC6C16 /* Packet.swift in Sources */,
				B0F9BC162B4C42A100F2D034 /* Utils.swift in Sources */,
			);
			runOnlyForDeploymentPostprocessing = 0;
		};
/* End PBXSourcesBuildPhase section */

/* Begin PBXTargetDependency section */
		B0557C2E2B33460D007CCED7 /* PBXTargetDependency */ = {
			isa = PBXTargetDependency;
			target = B0557C232B33460D007CCED7 /* TunnelProvider */;
			targetProxy = B0557C2D2B33460D007CCED7 /* PBXContainerItemProxy */;
		};
		B094A6322B3B286A00C705CD /* PBXTargetDependency */ = {
			isa = PBXTargetDependency;
			target = B0557C232B33460D007CCED7 /* TunnelProvider */;
			targetProxy = B094A6312B3B286A00C705CD /* PBXContainerItemProxy */;
		};
/* End PBXTargetDependency section */

/* Begin XCBuildConfiguration section */
		B0557C1B2B333EF7007CCED7 /* Debug */ = {
			isa = XCBuildConfiguration;
			buildSettings = {
				ALWAYS_SEARCH_USER_PATHS = NO;
				ASSETCATALOG_COMPILER_GENERATE_SWIFT_ASSET_SYMBOL_EXTENSIONS = YES;
				CLANG_ANALYZER_NONNULL = YES;
				CLANG_ANALYZER_NUMBER_OBJECT_CONVERSION = YES_AGGRESSIVE;
				CLANG_CXX_LANGUAGE_STANDARD = "gnu++20";
				CLANG_ENABLE_MODULES = YES;
				CLANG_ENABLE_OBJC_ARC = YES;
				CLANG_ENABLE_OBJC_WEAK = YES;
				CLANG_WARN_BLOCK_CAPTURE_AUTORELEASING = YES;
				CLANG_WARN_BOOL_CONVERSION = YES;
				CLANG_WARN_COMMA = YES;
				CLANG_WARN_CONSTANT_CONVERSION = YES;
				CLANG_WARN_DEPRECATED_OBJC_IMPLEMENTATIONS = YES;
				CLANG_WARN_DIRECT_OBJC_ISA_USAGE = YES_ERROR;
				CLANG_WARN_DOCUMENTATION_COMMENTS = YES;
				CLANG_WARN_EMPTY_BODY = YES;
				CLANG_WARN_ENUM_CONVERSION = YES;
				CLANG_WARN_INFINITE_RECURSION = YES;
				CLANG_WARN_INT_CONVERSION = YES;
				CLANG_WARN_NON_LITERAL_NULL_CONVERSION = YES;
				CLANG_WARN_OBJC_IMPLICIT_RETAIN_SELF = YES;
				CLANG_WARN_OBJC_LITERAL_CONVERSION = YES;
				CLANG_WARN_OBJC_ROOT_CLASS = YES_ERROR;
				CLANG_WARN_QUOTED_INCLUDE_IN_FRAMEWORK_HEADER = YES;
				CLANG_WARN_RANGE_LOOP_ANALYSIS = YES;
				CLANG_WARN_STRICT_PROTOTYPES = YES;
				CLANG_WARN_SUSPICIOUS_MOVE = YES;
				CLANG_WARN_UNGUARDED_AVAILABILITY = YES_AGGRESSIVE;
				CLANG_WARN_UNREACHABLE_CODE = YES;
				CLANG_WARN__DUPLICATE_METHOD_MATCH = YES;
				COPY_PHASE_STRIP = NO;
				DEBUG_INFORMATION_FORMAT = dwarf;
				ENABLE_STRICT_OBJC_MSGSEND = YES;
				ENABLE_TESTABILITY = YES;
				ENABLE_USER_SCRIPT_SANDBOXING = YES;
				GCC_C_LANGUAGE_STANDARD = gnu17;
				GCC_DYNAMIC_NO_PIC = NO;
				GCC_NO_COMMON_BLOCKS = YES;
				GCC_OPTIMIZATION_LEVEL = 0;
				GCC_PREPROCESSOR_DEFINITIONS = (
					"DEBUG=1",
					"$(inherited)",
				);
				GCC_WARN_64_TO_32_BIT_CONVERSION = YES;
				GCC_WARN_ABOUT_RETURN_TYPE = YES_ERROR;
				GCC_WARN_UNDECLARED_SELECTOR = YES;
				GCC_WARN_UNINITIALIZED_AUTOS = YES_AGGRESSIVE;
				GCC_WARN_UNUSED_FUNCTION = YES;
				GCC_WARN_UNUSED_VARIABLE = YES;
				IPHONEOS_DEPLOYMENT_TARGET = 17.0;
				LOCALIZATION_PREFERS_STRING_CATALOGS = YES;
				MTL_ENABLE_DEBUG_INFO = INCLUDE_SOURCE;
				MTL_FAST_MATH = YES;
				ONLY_ACTIVE_ARCH = YES;
				SDKROOT = iphoneos;
				SWIFT_ACTIVE_COMPILATION_CONDITIONS = "DEBUG $(inherited)";
				SWIFT_OPTIMIZATION_LEVEL = "-Onone";
			};
			name = Debug;
		};
		B0557C1C2B333EF7007CCED7 /* Release */ = {
			isa = XCBuildConfiguration;
			buildSettings = {
				ALWAYS_SEARCH_USER_PATHS = NO;
				ASSETCATALOG_COMPILER_GENERATE_SWIFT_ASSET_SYMBOL_EXTENSIONS = YES;
				CLANG_ANALYZER_NONNULL = YES;
				CLANG_ANALYZER_NUMBER_OBJECT_CONVERSION = YES_AGGRESSIVE;
				CLANG_CXX_LANGUAGE_STANDARD = "gnu++20";
				CLANG_ENABLE_MODULES = YES;
				CLANG_ENABLE_OBJC_ARC = YES;
				CLANG_ENABLE_OBJC_WEAK = YES;
				CLANG_WARN_BLOCK_CAPTURE_AUTORELEASING = YES;
				CLANG_WARN_BOOL_CONVERSION = YES;
				CLANG_WARN_COMMA = YES;
				CLANG_WARN_CONSTANT_CONVERSION = YES;
				CLANG_WARN_DEPRECATED_OBJC_IMPLEMENTATIONS = YES;
				CLANG_WARN_DIRECT_OBJC_ISA_USAGE = YES_ERROR;
				CLANG_WARN_DOCUMENTATION_COMMENTS = YES;
				CLANG_WARN_EMPTY_BODY = YES;
				CLANG_WARN_ENUM_CONVERSION = YES;
				CLANG_WARN_INFINITE_RECURSION = YES;
				CLANG_WARN_INT_CONVERSION = YES;
				CLANG_WARN_NON_LITERAL_NULL_CONVERSION = YES;
				CLANG_WARN_OBJC_IMPLICIT_RETAIN_SELF = YES;
				CLANG_WARN_OBJC_LITERAL_CONVERSION = YES;
				CLANG_WARN_OBJC_ROOT_CLASS = YES_ERROR;
				CLANG_WARN_QUOTED_INCLUDE_IN_FRAMEWORK_HEADER = YES;
				CLANG_WARN_RANGE_LOOP_ANALYSIS = YES;
				CLANG_WARN_STRICT_PROTOTYPES = YES;
				CLANG_WARN_SUSPICIOUS_MOVE = YES;
				CLANG_WARN_UNGUARDED_AVAILABILITY = YES_AGGRESSIVE;
				CLANG_WARN_UNREACHABLE_CODE = YES;
				CLANG_WARN__DUPLICATE_METHOD_MATCH = YES;
				COPY_PHASE_STRIP = NO;
				DEBUG_INFORMATION_FORMAT = "dwarf-with-dsym";
				ENABLE_NS_ASSERTIONS = NO;
				ENABLE_STRICT_OBJC_MSGSEND = YES;
				ENABLE_USER_SCRIPT_SANDBOXING = YES;
				GCC_C_LANGUAGE_STANDARD = gnu17;
				GCC_NO_COMMON_BLOCKS = YES;
				GCC_WARN_64_TO_32_BIT_CONVERSION = YES;
				GCC_WARN_ABOUT_RETURN_TYPE = YES_ERROR;
				GCC_WARN_UNDECLARED_SELECTOR = YES;
				GCC_WARN_UNINITIALIZED_AUTOS = YES_AGGRESSIVE;
				GCC_WARN_UNUSED_FUNCTION = YES;
				GCC_WARN_UNUSED_VARIABLE = YES;
				IPHONEOS_DEPLOYMENT_TARGET = 17.0;
				LOCALIZATION_PREFERS_STRING_CATALOGS = YES;
				MTL_ENABLE_DEBUG_INFO = NO;
				MTL_FAST_MATH = YES;
				SDKROOT = iphoneos;
				SWIFT_COMPILATION_MODE = wholemodule;
				VALIDATE_PRODUCT = YES;
			};
			name = Release;
		};
		B0557C1E2B333EF7007CCED7 /* Debug */ = {
			isa = XCBuildConfiguration;
			buildSettings = {
				ALWAYS_EMBED_SWIFT_STANDARD_LIBRARIES = YES;
				ASSETCATALOG_COMPILER_APPICON_NAME = AppIcon;
				ASSETCATALOG_COMPILER_GLOBAL_ACCENT_COLOR_NAME = AccentColor;
				CODE_SIGN_ENTITLEMENTS = Spear/Spear.entitlements;
				CODE_SIGN_STYLE = Automatic;
				CURRENT_PROJECT_VERSION = 1;
				DEVELOPMENT_ASSET_PATHS = "\"Spear/Preview Content\"";
				DEVELOPMENT_TEAM = 2778M7UL9J;
				ENABLE_PREVIEWS = YES;
				GENERATE_INFOPLIST_FILE = YES;
				INFOPLIST_KEY_CFBundleDisplayName = Spear;
				INFOPLIST_KEY_LSApplicationCategoryType = "public.app-category.utilities";
				INFOPLIST_KEY_UIApplicationSceneManifest_Generation = YES;
				INFOPLIST_KEY_UIApplicationSupportsIndirectInputEvents = YES;
				INFOPLIST_KEY_UILaunchScreen_Generation = YES;
				INFOPLIST_KEY_UISupportedInterfaceOrientations_iPad = "UIInterfaceOrientationPortrait UIInterfaceOrientationPortraitUpsideDown UIInterfaceOrientationLandscapeLeft UIInterfaceOrientationLandscapeRight";
				INFOPLIST_KEY_UISupportedInterfaceOrientations_iPhone = "UIInterfaceOrientationPortrait UIInterfaceOrientationLandscapeLeft UIInterfaceOrientationLandscapeRight";
				LD_RUNPATH_SEARCH_PATHS = (
					"$(inherited)",
					"@executable_path/Frameworks",
				);
				MARKETING_VERSION = 1.0;
				PRODUCT_BUNDLE_IDENTIFIER = P9.Spear;
				PRODUCT_NAME = "$(TARGET_NAME)";
				SUPPORTED_PLATFORMS = "iphoneos iphonesimulator";
				SUPPORTS_MACCATALYST = NO;
				SUPPORTS_MAC_DESIGNED_FOR_IPHONE_IPAD = NO;
				SWIFT_EMIT_LOC_STRINGS = YES;
				SWIFT_VERSION = 5.0;
				TARGETED_DEVICE_FAMILY = "1,2";
			};
			name = Debug;
		};
		B0557C1F2B333EF7007CCED7 /* Release */ = {
			isa = XCBuildConfiguration;
			buildSettings = {
				ALWAYS_EMBED_SWIFT_STANDARD_LIBRARIES = YES;
				ASSETCATALOG_COMPILER_APPICON_NAME = AppIcon;
				ASSETCATALOG_COMPILER_GLOBAL_ACCENT_COLOR_NAME = AccentColor;
				CODE_SIGN_ENTITLEMENTS = Spear/Spear.entitlements;
				CODE_SIGN_STYLE = Automatic;
				CURRENT_PROJECT_VERSION = 1;
				DEVELOPMENT_ASSET_PATHS = "\"Spear/Preview Content\"";
				DEVELOPMENT_TEAM = 2778M7UL9J;
				ENABLE_PREVIEWS = YES;
				GENERATE_INFOPLIST_FILE = YES;
				INFOPLIST_KEY_CFBundleDisplayName = Spear;
				INFOPLIST_KEY_LSApplicationCategoryType = "public.app-category.utilities";
				INFOPLIST_KEY_UIApplicationSceneManifest_Generation = YES;
				INFOPLIST_KEY_UIApplicationSupportsIndirectInputEvents = YES;
				INFOPLIST_KEY_UILaunchScreen_Generation = YES;
				INFOPLIST_KEY_UISupportedInterfaceOrientations_iPad = "UIInterfaceOrientationPortrait UIInterfaceOrientationPortraitUpsideDown UIInterfaceOrientationLandscapeLeft UIInterfaceOrientationLandscapeRight";
				INFOPLIST_KEY_UISupportedInterfaceOrientations_iPhone = "UIInterfaceOrientationPortrait UIInterfaceOrientationLandscapeLeft UIInterfaceOrientationLandscapeRight";
				LD_RUNPATH_SEARCH_PATHS = (
					"$(inherited)",
					"@executable_path/Frameworks",
				);
				MARKETING_VERSION = 1.0;
				PRODUCT_BUNDLE_IDENTIFIER = P9.Spear;
				PRODUCT_NAME = "$(TARGET_NAME)";
				SUPPORTED_PLATFORMS = "iphoneos iphonesimulator";
				SUPPORTS_MACCATALYST = NO;
				SUPPORTS_MAC_DESIGNED_FOR_IPHONE_IPAD = NO;
				SWIFT_EMIT_LOC_STRINGS = YES;
				SWIFT_VERSION = 5.0;
				TARGETED_DEVICE_FAMILY = "1,2";
			};
			name = Release;
		};
		B0557C312B33460D007CCED7 /* Debug */ = {
			isa = XCBuildConfiguration;
			buildSettings = {
				CODE_SIGN_ENTITLEMENTS = TunnelProvider/TunnelProvider.entitlements;
				CODE_SIGN_STYLE = Automatic;
				CURRENT_PROJECT_VERSION = 1;
				DEVELOPMENT_TEAM = 2778M7UL9J;
				GENERATE_INFOPLIST_FILE = YES;
				INFOPLIST_FILE = TunnelProvider/Info.plist;
				INFOPLIST_KEY_CFBundleDisplayName = TunnelProvider;
				INFOPLIST_KEY_NSHumanReadableCopyright = "";
				LD_RUNPATH_SEARCH_PATHS = (
					"$(inherited)",
					"@executable_path/Frameworks",
					"@executable_path/../../Frameworks",
				);
				MARKETING_VERSION = 1.0;
				PRODUCT_BUNDLE_IDENTIFIER = P9.Spear.TunnelProvider;
				PRODUCT_NAME = "$(TARGET_NAME)";
				SKIP_INSTALL = YES;
				SUPPORTED_PLATFORMS = "iphoneos iphonesimulator";
				SUPPORTS_MACCATALYST = NO;
				SUPPORTS_MAC_DESIGNED_FOR_IPHONE_IPAD = NO;
				SWIFT_EMIT_LOC_STRINGS = YES;
				SWIFT_VERSION = 5.0;
				TARGETED_DEVICE_FAMILY = "1,2";
			};
			name = Debug;
		};
		B0557C322B33460D007CCED7 /* Release */ = {
			isa = XCBuildConfiguration;
			buildSettings = {
				CODE_SIGN_ENTITLEMENTS = TunnelProvider/TunnelProvider.entitlements;
				CODE_SIGN_STYLE = Automatic;
				CURRENT_PROJECT_VERSION = 1;
				DEVELOPMENT_TEAM = 2778M7UL9J;
				GENERATE_INFOPLIST_FILE = YES;
				INFOPLIST_FILE = TunnelProvider/Info.plist;
				INFOPLIST_KEY_CFBundleDisplayName = TunnelProvider;
				INFOPLIST_KEY_NSHumanReadableCopyright = "";
				LD_RUNPATH_SEARCH_PATHS = (
					"$(inherited)",
					"@executable_path/Frameworks",
					"@executable_path/../../Frameworks",
				);
				MARKETING_VERSION = 1.0;
				PRODUCT_BUNDLE_IDENTIFIER = P9.Spear.TunnelProvider;
				PRODUCT_NAME = "$(TARGET_NAME)";
				SKIP_INSTALL = YES;
				SUPPORTED_PLATFORMS = "iphoneos iphonesimulator";
				SUPPORTS_MACCATALYST = NO;
				SUPPORTS_MAC_DESIGNED_FOR_IPHONE_IPAD = NO;
				SWIFT_EMIT_LOC_STRINGS = YES;
				SWIFT_VERSION = 5.0;
				TARGETED_DEVICE_FAMILY = "1,2";
			};
			name = Release;
		};
/* End XCBuildConfiguration section */

/* Begin XCConfigurationList section */
		B0557C0A2B333EF5007CCED7 /* Build configuration list for PBXProject "Spear" */ = {
			isa = XCConfigurationList;
			buildConfigurations = (
				B0557C1B2B333EF7007CCED7 /* Debug */,
				B0557C1C2B333EF7007CCED7 /* Release */,
			);
			defaultConfigurationIsVisible = 0;
			defaultConfigurationName = Release;
		};
		B0557C1D2B333EF7007CCED7 /* Build configuration list for PBXNativeTarget "Spear" */ = {
			isa = XCConfigurationList;
			buildConfigurations = (
				B0557C1E2B333EF7007CCED7 /* Debug */,
				B0557C1F2B333EF7007CCED7 /* Release */,
			);
			defaultConfigurationIsVisible = 0;
			defaultConfigurationName = Release;
		};
		B0557C332B33460D007CCED7 /* Build configuration list for PBXNativeTarget "TunnelProvider" */ = {
			isa = XCConfigurationList;
			buildConfigurations = (
				B0557C312B33460D007CCED7 /* Debug */,
				B0557C322B33460D007CCED7 /* Release */,
			);
			defaultConfigurationIsVisible = 0;
			defaultConfigurationName = Release;
		};
/* End XCConfigurationList section */
	};
	rootObject = B0557C072B333EF5007CCED7 /* Project object */;
}
